# Go dependencies checksum file
# Updated with OpenTelemetry propagation v1.24.0 fix
# This file will be regenerated by 'go mod tidy' in CI/CD pipeline

# Fixed dependency:
# go.opentelemetry.io/otel/propagation v0.25.0 -> v1.24.0
# Resolves unknown revision error

# Note: This file will be automatically regenerated when running:
# go mod tidy
# go mod download
# go mod verify
