# Go dependencies checksum file
# OpenTelemetry propagation module removed
# This file will be regenerated by 'go mod tidy' in CI/CD pipeline

# Removed dependency:
# go.opentelemetry.io/otel/propagation v1.24.0
# Let Go resolve the correct propagation module

# Note: This file will be automatically regenerated when running:
# go get go.opentelemetry.io/otel/propagation@v1.24.0
# go mod tidy
# go mod download
# go mod verify
