github.com/bytedance/sonic v1.9.1 h1:6iTYG7tQN/YyH6tGAG1NGXQqqV8uo5Z6JWwSsliT5Tg=
github.com/bytedance/sonic v1.9.1/go.mod h1:i7368WhcZrTqBsODZlJ9n2f7N8GkXJvJrGMX0b1pG+E=
github.com/cespare/xxhash/v2 v2.2.0 h1:DC2Cce1f30FyvJ7X6PzrN8xSncYXX2pWG8W3p5qUx5Ks=
github.com/cespare/xxhash/v2 v2.2.0/go.mod h1:EDX1Q/G+q5S3hB+e7KkOaDkVSO3d4Q6+LnBiy0d4yQ=
github.com/chenzhuoyu/base64x v0.0.0-20221115062448-fe3a3abad311 h1:gd8rM+0wOaOqfyGTM+G2IrE9i58k7NmUWmfzzfS0BEc=
github.com/chenzhuoyu/base64x v0.0.0-20221115062448-fe3a3abad311/go.mod h1:58AzBt4pNQAqvX7ErmcK2e7DJ1qlqYWTmiiGQWcvcPDW8=
github.com/dgryski/go-rendezvous v0.0.0-20200823014737-9f7001d12a5f h1:lB4Zsuf+DAk9i1n9j8Jjjk6VqMAb5WvW00Q5x0uqoKkI=
github.com/dgryski/go-rendezvous v0.0.0-20200823014737-9f7001d12a5f/go.mod h1:czU76vG6ZvT9GfzGij63FyMJ6DH9uap4jJ9ZitH54a8=
github.com/gabriel-vasile/mimetype v1.4.2 h1:w5gBFp7OTo9gqho5KLMlq0n8nfSAqj3bN7wHkq+Tm1g=
github.com/gabriel-vasile/mimetype v1.4.2/go.mod h1:zA2HnM2K8IeUnxJlxGF6LtJ4uKJRyJ4icj+FnyBkI=
github.com/gin-contrib/sse v0.1.0 h1:Y8LpvhC9j2iPb3gXNAW2MxrR9OnwZ8KAV0TIugrRE3s=
github.com/gin-contrib/sse v0.1.0/go.mod h1:RHrZ7XAz7iMJzvDwn2Bz3nJiH+E6iU+hhJjA+2L5+w=
github.com/gin-gonic/gin v1.9.1 h1:hdid6GmnH6THL0wHy9YtoqXnB/m7t41T2pELV2UJgUT4=
github.com/gin-gonic/gin v1.9.1/go.mod h1:hPrL7E2T2Dkxhp7kxlRcKhqRC85FMNv8E2p4lLjNQSE=
github.com/go-playground/locales v0.14.1 h1:EWaQ/wOc8R8JDkXQM+KzlmC5LMRQEc0gM7eBfGP0re5w=
github.com/go-playground/locales v0.14.1/go.mod h1:yrkM437zU0oCtEBlL61lIqrhDKuLjz5BnQg0McVMB5hI=
github.com/go-playground/universal-translator v0.18.1 h1:Bcnm0Zwsj83WjLQx78C1TRRPM90mWcVYDD6v4mHm70=
github.com/go-playground/universal-translator v0.18.1/go.mod h1:xeky/8cW7N8iQKpQ/LC+xsR3H+Jwj9c9sTyT4JZ86LQ=
github.com/go-playground/validator/v10 v10.14.0 h1:vgvQYe3B+51JFBMzUC4WovqIspF0GwtqFyE5FWJ0JRc=
github.com/go-playground/validator/v10 v10.14.0/go.mod h1:9iXMXT+4uu7zYJtHNXimB1zjCyQ/AdJ5hAaVIlVYEWOU=
github.com/goccy/go-json v0.10.2 h1:CrSxmDeT9R57dxH/3o7YNvkS8yKzJz5yNlSbKgZlXxY=
github.com/goccy/go-json v0.10.2/go.mod h1:6MelG93OBDHkD247kxfHnqE0hsvS38HjPLXLJk2oH+E=
github.com/golang/protobuf v1.5.3 h1:KhytwKVUg07IsEJZ89VRbGM93r6BbGKtp21zARlkQpQ=
github.com/golang/protobuf v1.5.3/go.mod h1:XVQV3pVpA8bF4XQhEwK6K1tU2GjXG2rXqM9gK5tB6Q8=
github.com/gorilla/websocket v1.5.0 h1:PPwGk2jz7EePwKWSXPyq5zJxS7aLGFSil0fmvmGt+q=
github.com/gorilla/websocket v1.5.0/go.mod h1:YR8l580nyvOupFHRUzI9Lxw69xWJx4Oy+XjQhfhoH5g=
github.com/joho/godotenv v1.4.0 h1:7IPjjy6quJ7R+4EQotcWkI4L7p23RHnBsX69459O3=
github.com/joho/godotenv v1.4.0/go.mod h1:fL4h4y6pHdO1j366SNiUocRivFsaF4V+u82W7t9gZ5=
github.com/json-iterator/go v1.1.12 h1:PV8QI3+gAofR+0m+V4h+ROA879WkOyO0iAJbtpv6s=
github.com/json-iterator/go v1.1.12/go.mod h1:e30LSqwooZaeU1NhdTtVewYuIz43aQFWj0FS2uIiHw=
github.com/klauspost/cpuid/v2 v2.2.4 h1:bboiR1CwTxq8/SL9HSrXl6A45xwOUu1uNja4SfVTtHg=
github.com/klauspost/cpuid/v2 v2.2.4/go.mod h1:2VWh7RJz2ifmJQydFQJKH8qRk48yT36d9cUaKcrrDy9c=
github.com/leodido/go-urn v1.2.4 h1:7jdrP8s5fn1w9gqV+al9S/1cPiL8pBUWnWevRxkRx60=
github.com/leodido/go-urn v1.2.4/go.mod h1:7KdA1c1LY1WhbG7paH4H7+U7c+8bDVvZ7/F0PuAkN8=
github.com/mattn/go-isatty v0.0.19 h1:Jt4nISIcVvZTQMdX+57D8Q8sZvU0kI2DkuuMWWXQ=
github.com/mattn/go-isatty v0.0.19/go.mod h1:W+V8edtllOv9MFJhjLGl5jN0kI1fZWBsF+zCgHc3gOVQ=
github.com/modern-go/concurrent v0.0.0-20180306012644-bacd9c7ef1dd h1:TRLaZ9cD8iDYKq03/4qkE7A7yfz4tLJQ8iWDMGmJfk=
github.com/modern-go/concurrent v0.0.0-20180306012644-bacd9c7ef1dd/go.mod h1:6dJC0m/4MFPi9s+K9OixUHDiO2iC2YuX7SFU1dG4c=
github.com/modern-go/reflect2 v1.0.2 h1:xBzoLtL72R+Z0qsjE3TgXo834l8cCNb9kH5+dyomds=
github.com/modern-go/reflect2 v1.0.2/go.mod h1:oy2hyf8+RCt7sPKQyR3x8M9VUe34kEYbb4tnTmVye=
github.com/pelletier/go-toml/v2 v2.0.8 h1:0gnbSBlM3MUuJ7JtQ6nnQXpMhRl2v3hO1xuZSg9L5=
github.com/pelletier/go-toml/v2 v2.0.8/go.mod h1:UuAk7fQ0Bc/1POUgNflSRe2kibf6AoWRoB36zKZi8=
github.com/prometheus/client_golang v1.18.0 h1:U4pExryTpxx0n3Jp6k7hh1JYc3A89JYBQDQyFb1+A=
github.com/prometheus/client_golang v1.18.0/go.mod h1:T+gkM8yEdD9rUkQp1aB1fEJ0U4gMu2h8J6L7QFd3k=
github.com/prometheus/client_model v0.5.0 h1:4j1LRZ4uFcmeb4w6JXWbZt8956iOYcTJQa3q8CWc=
github.com/prometheus/client_model v0.5.0/go.mod h1:TMBXAdPdnDm0koqfQmTg1Z8e8y6AnuNw8l5VQRNk=
github.com/prometheus/common v0.45.0 h1:2RzC+Kx5WCXA3EkzTqRXJbQ6JYdOQO5T6aT4Q7=
github.com/prometheus/common v0.45.0/go.mod h1:YJ4I2VjKeKEgHl8ShUBFzWg3k6iYTdmsV0DQoQrFgc=
github.com/prometheus/procfs v0.12.0 h1:jluMpS8Ip6KPeI4eUu6x/9oWec0x0nBXJcSa8bo=
github.com/prometheus/procfs v0.12.0/go.mod h1:p4zDMpzwLkLk2pnMkz5T6Y+X+ya8jRScLNm2+dk70=
github.com/sirupsen/logrus v1.9.3 h1:dueUQJ1C6R9O8r3NuBfcNBnlV1UOJwTWsNq6oPSgE=
github.com/sirupsen/logrus v1.9.3/go.mod h1:naHLuLoDiP4jNNoSwVHx2mQ67TzvldUW1sT0WN8r+y=
github.com/twitchyliquid64/golang-asm v0.15.1 h1:SU5vSMR7hnwNx024I4QtZiTwI9iWt2uNv+6asb1W=
github.com/twitchyliquid64/golang-asm v0.15.1/go.mod h1:U1m9U7msDyqjVWqT390a4A3sEOtNZgH1tAt2NQ0=
github.com/ugorji/go-socket v0.0.4 h1:WU3XInb2jm66vsSFhmcA0OnV5zx1H4OnI5j4Rh4g=
github.com/ugorji/go-socket v0.0.4/go.mod h1:w2soIDMcDw9Aop9HJGNC81bdntiC8h9wz1HJzzRi9=
golang.org/x/arch v0.3.0 h1:02VY4/ZQOyCEaP6wzODIFUmjFkLXZxSeCsL9TDPPQ=
golang.org/x/arch v0.3.0/go.mod h1:5VJWlY4TvDYtoFIJ+UqJ6QXwFdYtYwLgqvUkU7q=
golang.org/x/crypto v0.14.0 h1:wBqGXzWJW6mXZvIzAabSkeIjQb+NXlXntdVC+Z2v=
golang.org/x/crypto v0.14.0/go.mod h1:MVFd36Dqk3C+D2AMW3P7a4+Xl7qiPQWRstJG99jy4=
golang.org/x/net v0.17.0 h1:rVaJt5h6AxzJl/EZiJL4eRXLVJZvW7J3HdzUcQ=
golang.org/x/net v0.17.0/go.mod h1:NvxSx+kuj7VF9M6xTvb+LzwvDCSXYXbXGc68fy8=
golang.org/x/sys v0.13.0 h1:Af8b9RY8HvJcvrO1L1kZPyMip+CyIQWsyJ4M/OLm=
golang.org/x/sys v0.13.0/go.mod h1:oAL75kQ5fLc5oN2z+9ma2o0J4Nxvb66eOqC2Z5=
golang.org/x/time v0.3.0 h1:rggR7UQouhNkg58VO/ckDiY6x7LMMK4DcO1CKf5LrVQ=
golang.org/x/time v0.3.0/go.mod h1:t5J94CQ0fZDRI57d57tLQ3NRXC1cYJdPeLh3KQdEK3Q=
google.golang.org/genproto/googleapis/api v0.0.0-20231016165738-49d2c1c09d0a h1:KxlaWbdaecaCQ9iM1h1KlM4wiRqcA4m+e5SEgEq=
google.golang.org/genproto/googleapis/api v0.0.0-20231016165738-49d2c1c09d0a/go.mod h1:oG+cEQVQ3XcZr5Z0sMFPFw+En4yzoQaOkhqMocYko=
google.golang.org/genproto/googleapis/rpc v0.0.0-20231016165738-49d2c1c09d0a h1:Zy+Gw5JhJv8+e5gF6r71k1c+O5J2Q5Jw+T8qO9f=
google.golang.org/genproto/googleapis/rpc v0.0.0-20231016165738-49d2c1c09d0a/go.mod h1:orXa4M5d9v3+Wl3hz7R6iB8UOzSEZSptDPr+Ew=
google.golang.org/grpc v1.58.0 h1:+XE13Vq1L3PE9K+8Q9DKkvJhOLZ5x8mo5CEh9gVwSg=
google.golang.org/grpc v1.58.0/go.mod h1:tgXWZP0f1wmLT9R8f9HIhhCEqVUScCCsD4RkxB2iW4=
google.golang.org/protobuf v1.31.0 h1:g7LFTpZYWBv8kLxKMKNZD0Z2gVLnMKRFRY+Xk9+R1+c=
google.golang.org/protobuf v1.31.0/go.mod h1:HV8QOd/LJZkRQo+t4C5ukOJ4GnLrsXxijlCj+k7c2LKw=
go.opentelemetry.io/otel v1.24.0 h1:0b3m9S6TlF/H8uUO3N+6k+T8z1yUu9xg5lM0g5Q=
go.opentelemetry.io/otel v1.24.0/go.mod h1:W7b9OOG4STW2rvLQzR0RFHXLGCK+A3xLVYFdn5kO8=
go.opentelemetry.io/otel/exporters/jaeger v1.17.0 h1:0b3m9S6TlF/H8uUO3N+6k+T8z1yUu9xg5lM0g5Q=
go.opentelemetry.io/otel/exporters/jaeger v1.17.0/go.mod h1:W7b9OOG4STW2rvLQzR0RFHXLGCK+A3xLVYFdn5kO8=
go.opentelemetry.io/otel/exporters/prometheus v0.46.0 h1:0b3m9S6TlF/H8uUO3N+6k+T8z1yUu9xg5lM0g5Q=
go.opentelemetry.io/otel/exporters/prometheus v0.46.0/go.mod h1:W7b9OOG4STW2rvLQzR0RFHXLGCK+A3xLVYFdn5kO8=
go.opentelemetry.io/otel/metric v1.24.0 h1:0b3m9S6TlF/H8uUO3N+6k+T8z1yUu9xg5lM0g5Q=
go.opentelemetry.io/otel/metric v1.24.0/go.mod h1:W7b9OOG4STW2rvLQzR0RFHXLGCK+A3xLVYFdn5kO8=
go.opentelemetry.io/otel/propagation v0.25.0 h1:0b3m9S6TlF/H8uUO3N+6k+T8z1yUu9xg5lM0g5Q=
go.opentelemetry.io/otel/propagation v0.25.0/go.mod h1:W7b9OOG4STW2rvLQzR0RFHXLGCK+A3xLVYFdn5kO8=
go.opentelemetry.io/otel/sdk v1.24.0 h1:0b3m9S6TlF/H8uUO3N+6k+T8z1yUu9xg5lM0g5Q=
go.opentelemetry.io/otel/sdk v1.24.0/go.mod h1:W7b9OOG4STW2rvLQzR0RFHXLGCK+A3xLVYFdn5kO8=
go.opentelemetry.io/otel/sdk/metric v1.24.0 h1:0b3m9S6TlF/H8uUO3N+6k+T8z1yUu9xg5lM0g5Q=
go.opentelemetry.io/otel/sdk/metric v1.24.0/go.mod h1:W7b9OOG4STW2rvLQzR0RFHXLGCK+A3xLVYFdn5kO8=
go.opentelemetry.io/otel/sdk/resource v1.24.0 h1:0b3m9S6TlF/H8uUO3N+6k+T8z1yUu9xg5lM0g5Q=
go.opentelemetry.io/otel/sdk/resource v1.24.0/go.mod h1:W7b9OOG4STW2rvLQzR0RFHXLGCK+A3xLVYFdn5kO8=
go.opentelemetry.io/otel/trace v1.24.0 h1:0b3m9S6TlF/H8uUO3N+6k+T8z1yUu9xg5lM0g5Q=
go.opentelemetry.io/otel/trace v1.24.0/go.mod h1:W7b9OOG4STW2rvLQzR0RFHXLGCK+A3xLVYFdn5kO8=
go.opentelemetry.io/semconv/v1.21.0 h1:0b3m9S6TlF/H8uUO3N+6k+T8z1yUu9xg5lM0g5Q=
go.opentelemetry.io/semconv/v1.21.0/go.mod h1:W7b9OOG4STW2rvLQzR0RFHXLGCK+A3xLVYFdn5kO8=
